
Microsoft Visual Studio Solution File, Format Version 12.00
# Visual Studio 15
VisualStudioVersion = 15.0.27130.2036
MinimumVisualStudioVersion = 10.0.40219.1
Project("{FAE04EC0-301F-11D3-BF4B-00C04F79EFBC}") = "Sargon2", "Sargon2.csproj", "{A9433183-FA98-495D-BF02-9DA5E3EBFEDA}"
EndProject
Project("{FAE04EC0-301F-11D3-BF4B-00C04F79EFBC}") = "Ur", "..\Ur\Ur.csproj", "{799BB64E-8625-4CFD-AEBB-3B72FB91C3AC}"
EndProject
Global
	GlobalSection(SolutionConfigurationPlatforms) = preSolution
		Debug|Any CPU = Debug|Any CPU
		Debug|x64 = Debug|x64
		Debug|x86 = Debug|x86
		Release|Any CPU = Release|Any CPU
		Release|x64 = Release|x64
		Release|x86 = Release|x86
	EndGlobalSection
	GlobalSection(ProjectConfigurationPlatforms) = postSolution
		{A9433183-FA98-495D-BF02-9DA5E3EBFEDA}.Debug|Any CPU.ActiveCfg = Debug|Any CPU
		{A9433183-FA98-495D-BF02-9DA5E3EBFEDA}.Debug|Any CPU.Build.0 = Debug|Any CPU
		{A9433183-FA98-495D-BF02-9DA5E3EBFEDA}.Debug|x64.ActiveCfg = Debug|Any CPU
		{A9433183-FA98-495D-BF02-9DA5E3EBFEDA}.Debug|x64.Build.0 = Debug|Any CPU
		{A9433183-FA98-495D-BF02-9DA5E3EBFEDA}.Debug|x86.ActiveCfg = Debug|x86
		{A9433183-FA98-495D-BF02-9DA5E3EBFEDA}.Debug|x86.Build.0 = Debug|x86
		{A9433183-FA98-495D-BF02-9DA5E3EBFEDA}.Release|Any CPU.ActiveCfg = Release|Any CPU
		{A9433183-FA98-495D-BF02-9DA5E3EBFEDA}.Release|Any CPU.Build.0 = Release|Any CPU
		{A9433183-FA98-495D-BF02-9DA5E3EBFEDA}.Release|x64.ActiveCfg = Release|Any CPU
		{A9433183-FA98-495D-BF02-9DA5E3EBFEDA}.Release|x64.Build.0 = Release|Any CPU
		{A9433183-FA98-495D-BF02-9DA5E3EBFEDA}.Release|x86.ActiveCfg = Release|x86
		{A9433183-FA98-495D-BF02-9DA5E3EBFEDA}.Release|x86.Build.0 = Release|x86
		{799BB64E-8625-4CFD-AEBB-3B72FB91C3AC}.Debug|Any CPU.ActiveCfg = Debug|x86
		{799BB64E-8625-4CFD-AEBB-3B72FB91C3AC}.Debug|x64.ActiveCfg = Debug|x64
		{799BB64E-8625-4CFD-AEBB-3B72FB91C3AC}.Debug|x64.Build.0 = Debug|x64
		{799BB64E-8625-4CFD-AEBB-3B72FB91C3AC}.Debug|x86.ActiveCfg = Debug|x86
		{799BB64E-8625-4CFD-AEBB-3B72FB91C3AC}.Debug|x86.Build.0 = Debug|x86
		{799BB64E-8625-4CFD-AEBB-3B72FB91C3AC}.Release|Any CPU.ActiveCfg = Release|x86
		{799BB64E-8625-4CFD-AEBB-3B72FB91C3AC}.Release|x64.ActiveCfg = Release|x64
		{799BB64E-8625-4CFD-AEBB-3B72FB91C3AC}.Release|x64.Build.0 = Release|x64
		{799BB64E-8625-4CFD-AEBB-3B72FB91C3AC}.Release|x86.ActiveCfg = Release|x86
		{799BB64E-8625-4CFD-AEBB-3B72FB91C3AC}.Release|x86.Build.0 = Release|x86
	EndGlobalSection
	GlobalSection(SolutionProperties) = preSolution
		HideSolutionNode = FALSE
	EndGlobalSection
	GlobalSection(ExtensibilityGlobals) = postSolution
		SolutionGuid = {529EF4B6-1E73-4FC0-816F-1F55D091A4A0}
	EndGlobalSection
EndGlobal
